// !$*UTF8*$!
{
	archiveVersion = 1;
	classes = {
	};
	objectVersion = 50;
	objects = {

/* Begin PBXBuildFile section */
		903B5185258992EF00615C75 /* AppDelegate.m in Sources */ = {isa = PBXBuildFile; fileRef = 903B5184258992EF00615C75 /* AppDelegate.m */; };
		903B5188258992EF00615C75 /* MainViewController.m in Sources */ = {isa = PBXBuildFile; fileRef = 903B5187258992EF00615C75 /* MainViewController.m */; };
		903B518B258992EF00615C75 /* Main.storyboard in Resources */ = {isa = PBXBuildFile; fileRef = 903B5189258992EF00615C75 /* Main.storyboard */; };
		903B518E258992EF00615C75 /* SLQVideoLive.xcdatamodeld in Sources */ = {isa = PBXBuildFile; fileRef = 903B518C258992EF00615C75 /* SLQVideoLive.xcdatamodeld */; };
		903B5190258992F200615C75 /* Assets.xcassets in Resources */ = {isa = PBXBuildFile; fileRef = 903B518F258992F200615C75 /* Assets.xcassets */; };
		903B5193258992F200615C75 /* LaunchScreen.storyboard in Resources */ = {isa = PBXBuildFile; fileRef = 903B5191258992F200615C75 /* LaunchScreen.storyboard */; };
		903B5196258992F200615C75 /* main.m in Sources */ = {isa = PBXBuildFile; fileRef = 903B5195258992F200615C75 /* main.m */; };
		E4009538260D73340082AE19 /* CoreFoundation.framework in Frameworks */ = {isa = PBXBuildFile; fileRef = E4009537260D73340082AE19 /* CoreFoundation.framework */; };
		E40ED657265CA51E000BBC52 /* NSArray+CN.m in Sources */ = {isa = PBXBuildFile; fileRef = E40ED656265CA51E000BBC52 /* NSArray+CN.m */; };
		E40ED65A265CA529000BBC52 /* NSDictionary+CN.m in Sources */ = {isa = PBXBuildFile; fileRef = E40ED659265CA529000BBC52 /* NSDictionary+CN.m */; };
		E42761FD264E221000AC8592 /* NSString+Size.m in Sources */ = {isa = PBXBuildFile; fileRef = E42761FC264E221000AC8592 /* NSString+Size.m */; };
		E46FAA59264D21D100FB8CF1 /* SLQAskDataModel.m in Sources */ = {isa = PBXBuildFile; fileRef = E46FAA39264D21D100FB8CF1 /* SLQAskDataModel.m */; };
		E46FAA5A264D21D100FB8CF1 /* SLQAskDataModel.sql in Resources */ = {isa = PBXBuildFile; fileRef = E46FAA3C264D21D100FB8CF1 /* SLQAskDataModel.sql */; };
		E46FAA5B264D21D100FB8CF1 /* SQLiteManager.m in Sources */ = {isa = PBXBuildFile; fileRef = E46FAA3D264D21D100FB8CF1 /* SQLiteManager.m */; };
		E46FAA5C264D21D100FB8CF1 /* NSObject+WHC_Extension.m in Sources */ = {isa = PBXBuildFile; fileRef = E46FAA3F264D21D100FB8CF1 /* NSObject+WHC_Extension.m */; };
		E46FAA5D264D21D100FB8CF1 /* WHC_KeyboardHeaderView.m in Sources */ = {isa = PBXBuildFile; fileRef = E46FAA43264D21D100FB8CF1 /* WHC_KeyboardHeaderView.m */; };
		E46FAA5E264D21D100FB8CF1 /* WHC_KeyboardManager.m in Sources */ = {isa = PBXBuildFile; fileRef = E46FAA44264D21D100FB8CF1 /* WHC_KeyboardManager.m */; };
		E46FAA5F264D21D100FB8CF1 /* UIView+Extension.m in Sources */ = {isa = PBXBuildFile; fileRef = E46FAA47264D21D100FB8CF1 /* UIView+Extension.m */; };
		E46FAA60264D21D100FB8CF1 /* FMDatabaseQueue.m in Sources */ = {isa = PBXBuildFile; fileRef = E46FAA4A264D21D100FB8CF1 /* FMDatabaseQueue.m */; };
		E46FAA61264D21D100FB8CF1 /* FMDatabaseAdditions.m in Sources */ = {isa = PBXBuildFile; fileRef = E46FAA4D264D21D100FB8CF1 /* FMDatabaseAdditions.m */; };
		E46FAA62264D21D100FB8CF1 /* FMDatabase.m in Sources */ = {isa = PBXBuildFile; fileRef = E46FAA4E264D21D100FB8CF1 /* FMDatabase.m */; };
		E46FAA63264D21D100FB8CF1 /* FMDatabasePool.m in Sources */ = {isa = PBXBuildFile; fileRef = E46FAA52264D21D100FB8CF1 /* FMDatabasePool.m */; };
		E46FAA64264D21D100FB8CF1 /* FMResultSet.m in Sources */ = {isa = PBXBuildFile; fileRef = E46FAA53264D21D100FB8CF1 /* FMResultSet.m */; };
		E4E2BC99266DCBD100FE4CFA /* TXLiteAVSDK_Smart.framework in Frameworks */ = {isa = PBXBuildFile; fileRef = E4E2BC98266DCBD100FE4CFA /* TXLiteAVSDK_Smart.framework */; };
		E4E2BC9B266DCC7300FE4CFA /* libz.tbd in Frameworks */ = {isa = PBXBuildFile; fileRef = E4E2BC9A266DCC7300FE4CFA /* libz.tbd */; };
		E4E2BC9D266DCC7C00FE4CFA /* libc++.tbd in Frameworks */ = {isa = PBXBuildFile; fileRef = E4E2BC9C266DCC7C00FE4CFA /* libc++.tbd */; };
		E4E2BC9F266DCC8500FE4CFA /* libresolv.tbd in Frameworks */ = {isa = PBXBuildFile; fileRef = E4E2BC9E266DCC8500FE4CFA /* libresolv.tbd */; };
		E4E2BCA1266DCC8D00FE4CFA /* libsqlite3.tbd in Frameworks */ = {isa = PBXBuildFile; fileRef = E4E2BCA0266DCC8D00FE4CFA /* libsqlite3.tbd */; };
		E4E2BCA3266DCC9600FE4CFA /* Accelerate.framework in Frameworks */ = {isa = PBXBuildFile; fileRef = E4E2BCA2266DCC9600FE4CFA /* Accelerate.framework */; };
		E4E2BCA5266DCC9C00FE4CFA /* OpenAL.framework in Frameworks */ = {isa = PBXBuildFile; fileRef = E4E2BCA4266DCC9C00FE4CFA /* OpenAL.framework */; };
		E4E2BCAE266DF38100FE4CFA /* SLQVideoPushViewController.m in Sources */ = {isa = PBXBuildFile; fileRef = E4E2BCAD266DF38100FE4CFA /* SLQVideoPushViewController.m */; };
		E4E2BCB4266E100A00FE4CFA /* SLQVideoPlayViewController.m in Sources */ = {isa = PBXBuildFile; fileRef = E4E2BCB3266E100A00FE4CFA /* SLQVideoPlayViewController.m */; };
		E4F321092657616D007BA60A /* CloudKit.framework in Frameworks */ = {isa = PBXBuildFile; fileRef = E4F321082657616D007BA60A /* CloudKit.framework */; };
		E4F3210C26579413007BA60A /* SLQAskTypeModel.m in Sources */ = {isa = PBXBuildFile; fileRef = E4F3210B26579413007BA60A /* SLQAskTypeModel.m */; };
		E4F3210E26579425007BA60A /* SLQAskTypeModel.sql in Resources */ = {isa = PBXBuildFile; fileRef = E4F3210D26579425007BA60A /* SLQAskTypeModel.sql */; };
/* End PBXBuildFile section */

/* Begin PBXCopyFilesBuildPhase section */
		E443ECFE266A0C3D00289DA1 /* Embed App Clips */ = {
			isa = PBXCopyFilesBuildPhase;
			buildActionMask = 2147483647;
			dstPath = "$(CONTENTS_FOLDER_PATH)/AppClips";
			dstSubfolderSpec = 16;
			files = (
			);
			name = "Embed App Clips";
			runOnlyForDeploymentPostprocessing = 0;
		};
/* End PBXCopyFilesBuildPhase section */

/* Begin PBXFileReference section */
		903B5180258992EF00615C75 /* SLQVideoLive.app */ = {isa = PBXFileReference; explicitFileType = wrapper.application; includeInIndex = 0; path = SLQVideoLive.app; sourceTree = BUILT_PRODUCTS_DIR; };
		903B5183258992EF00615C75 /* AppDelegate.h */ = {isa = PBXFileReference; lastKnownFileType = sourcecode.c.h; path = AppDelegate.h; sourceTree = "<group>"; };
		903B5184258992EF00615C75 /* AppDelegate.m */ = {isa = PBXFileReference; lastKnownFileType = sourcecode.c.objc; path = AppDelegate.m; sourceTree = "<group>"; };
		903B5186258992EF00615C75 /* MainViewController.h */ = {isa = PBXFileReference; lastKnownFileType = sourcecode.c.h; path = MainViewController.h; sourceTree = "<group>"; };
		903B5187258992EF00615C75 /* MainViewController.m */ = {isa = PBXFileReference; lastKnownFileType = sourcecode.c.objc; path = MainViewController.m; sourceTree = "<group>"; };
		903B518A258992EF00615C75 /* Base */ = {isa = PBXFileReference; lastKnownFileType = file.storyboard; name = Base; path = Base.lproj/Main.storyboard; sourceTree = "<group>"; };
		903B518D258992EF00615C75 /* OCDemo1.xcdatamodel */ = {isa = PBXFileReference; lastKnownFileType = wrapper.xcdatamodel; path = OCDemo1.xcdatamodel; sourceTree = "<group>"; };
		903B518F258992F200615C75 /* Assets.xcassets */ = {isa = PBXFileReference; lastKnownFileType = folder.assetcatalog; path = Assets.xcassets; sourceTree = "<group>"; };
		903B5192258992F200615C75 /* Base */ = {isa = PBXFileReference; lastKnownFileType = file.storyboard; name = Base; path = Base.lproj/LaunchScreen.storyboard; sourceTree = "<group>"; };
		903B5194258992F200615C75 /* Info.plist */ = {isa = PBXFileReference; lastKnownFileType = text.plist.xml; path = Info.plist; sourceTree = "<group>"; };
		903B5195258992F200615C75 /* main.m */ = {isa = PBXFileReference; lastKnownFileType = sourcecode.c.objc; path = main.m; sourceTree = "<group>"; };
		E4009537260D73340082AE19 /* CoreFoundation.framework */ = {isa = PBXFileReference; lastKnownFileType = wrapper.framework; name = CoreFoundation.framework; path = System/Library/Frameworks/CoreFoundation.framework; sourceTree = SDKROOT; };
		E40ED655265CA51E000BBC52 /* NSArray+CN.h */ = {isa = PBXFileReference; lastKnownFileType = sourcecode.c.h; path = "NSArray+CN.h"; sourceTree = "<group>"; };
		E40ED656265CA51E000BBC52 /* NSArray+CN.m */ = {isa = PBXFileReference; lastKnownFileType = sourcecode.c.objc; path = "NSArray+CN.m"; sourceTree = "<group>"; };
		E40ED658265CA529000BBC52 /* NSDictionary+CN.h */ = {isa = PBXFileReference; lastKnownFileType = sourcecode.c.h; path = "NSDictionary+CN.h"; sourceTree = "<group>"; };
		E40ED659265CA529000BBC52 /* NSDictionary+CN.m */ = {isa = PBXFileReference; lastKnownFileType = sourcecode.c.objc; path = "NSDictionary+CN.m"; sourceTree = "<group>"; };
		E40ED65B265CA59D000BBC52 /* PrefixHeader.pch */ = {isa = PBXFileReference; lastKnownFileType = sourcecode.c.h; path = PrefixHeader.pch; sourceTree = "<group>"; };
		E42761FB264E221000AC8592 /* NSString+Size.h */ = {isa = PBXFileReference; lastKnownFileType = sourcecode.c.h; path = "NSString+Size.h"; sourceTree = "<group>"; };
		E42761FC264E221000AC8592 /* NSString+Size.m */ = {isa = PBXFileReference; lastKnownFileType = sourcecode.c.objc; path = "NSString+Size.m"; sourceTree = "<group>"; };
		E46FAA39264D21D100FB8CF1 /* SLQAskDataModel.m */ = {isa = PBXFileReference; fileEncoding = 4; lastKnownFileType = sourcecode.c.objc; path = SLQAskDataModel.m; sourceTree = "<group>"; };
		E46FAA3A264D21D100FB8CF1 /* SQLiteManager.h */ = {isa = PBXFileReference; fileEncoding = 4; lastKnownFileType = sourcecode.c.h; path = SQLiteManager.h; sourceTree = "<group>"; };
		E46FAA3B264D21D100FB8CF1 /* SLQAskDataModel.h */ = {isa = PBXFileReference; fileEncoding = 4; lastKnownFileType = sourcecode.c.h; path = SLQAskDataModel.h; sourceTree = "<group>"; };
		E46FAA3C264D21D100FB8CF1 /* SLQAskDataModel.sql */ = {isa = PBXFileReference; fileEncoding = 4; lastKnownFileType = text; path = SLQAskDataModel.sql; sourceTree = "<group>"; };
		E46FAA3D264D21D100FB8CF1 /* SQLiteManager.m */ = {isa = PBXFileReference; fileEncoding = 4; lastKnownFileType = sourcecode.c.objc; path = SQLiteManager.m; sourceTree = "<group>"; };
		E46FAA3F264D21D100FB8CF1 /* NSObject+WHC_Extension.m */ = {isa = PBXFileReference; fileEncoding = 4; lastKnownFileType = sourcecode.c.objc; path = "NSObject+WHC_Extension.m"; sourceTree = "<group>"; };
		E46FAA40264D21D100FB8CF1 /* WHC_KeyboardManager.h */ = {isa = PBXFileReference; fileEncoding = 4; lastKnownFileType = sourcecode.c.h; path = WHC_KeyboardManager.h; sourceTree = "<group>"; };
		E46FAA41264D21D100FB8CF1 /* WHC_KeyboardHeaderView.h */ = {isa = PBXFileReference; fileEncoding = 4; lastKnownFileType = sourcecode.c.h; path = WHC_KeyboardHeaderView.h; sourceTree = "<group>"; };
		E46FAA42264D21D100FB8CF1 /* NSObject+WHC_Extension.h */ = {isa = PBXFileReference; fileEncoding = 4; lastKnownFileType = sourcecode.c.h; path = "NSObject+WHC_Extension.h"; sourceTree = "<group>"; };
		E46FAA43264D21D100FB8CF1 /* WHC_KeyboardHeaderView.m */ = {isa = PBXFileReference; fileEncoding = 4; lastKnownFileType = sourcecode.c.objc; path = WHC_KeyboardHeaderView.m; sourceTree = "<group>"; };
		E46FAA44264D21D100FB8CF1 /* WHC_KeyboardManager.m */ = {isa = PBXFileReference; fileEncoding = 4; lastKnownFileType = sourcecode.c.objc; path = WHC_KeyboardManager.m; sourceTree = "<group>"; };
		E46FAA46264D21D100FB8CF1 /* UIView+Extension.h */ = {isa = PBXFileReference; fileEncoding = 4; lastKnownFileType = sourcecode.c.h; path = "UIView+Extension.h"; sourceTree = "<group>"; };
		E46FAA47264D21D100FB8CF1 /* UIView+Extension.m */ = {isa = PBXFileReference; fileEncoding = 4; lastKnownFileType = sourcecode.c.objc; path = "UIView+Extension.m"; sourceTree = "<group>"; };
		E46FAA49264D21D100FB8CF1 /* FMDatabase.h */ = {isa = PBXFileReference; fileEncoding = 4; lastKnownFileType = sourcecode.c.h; path = FMDatabase.h; sourceTree = "<group>"; };
		E46FAA4A264D21D100FB8CF1 /* FMDatabaseQueue.m */ = {isa = PBXFileReference; fileEncoding = 4; lastKnownFileType = sourcecode.c.objc; path = FMDatabaseQueue.m; sourceTree = "<group>"; };
		E46FAA4B264D21D100FB8CF1 /* FMResultSet.h */ = {isa = PBXFileReference; fileEncoding = 4; lastKnownFileType = sourcecode.c.h; path = FMResultSet.h; sourceTree = "<group>"; };
		E46FAA4C264D21D100FB8CF1 /* FMDatabasePool.h */ = {isa = PBXFileReference; fileEncoding = 4; lastKnownFileType = sourcecode.c.h; path = FMDatabasePool.h; sourceTree = "<group>"; };
		E46FAA4D264D21D100FB8CF1 /* FMDatabaseAdditions.m */ = {isa = PBXFileReference; fileEncoding = 4; lastKnownFileType = sourcecode.c.objc; path = FMDatabaseAdditions.m; sourceTree = "<group>"; };
		E46FAA4E264D21D100FB8CF1 /* FMDatabase.m */ = {isa = PBXFileReference; fileEncoding = 4; lastKnownFileType = sourcecode.c.objc; path = FMDatabase.m; sourceTree = "<group>"; };
		E46FAA4F264D21D100FB8CF1 /* FMDatabaseQueue.h */ = {isa = PBXFileReference; fileEncoding = 4; lastKnownFileType = sourcecode.c.h; path = FMDatabaseQueue.h; sourceTree = "<group>"; };
		E46FAA50264D21D100FB8CF1 /* FMDB.h */ = {isa = PBXFileReference; fileEncoding = 4; lastKnownFileType = sourcecode.c.h; path = FMDB.h; sourceTree = "<group>"; };
		E46FAA51264D21D100FB8CF1 /* FMDatabaseAdditions.h */ = {isa = PBXFileReference; fileEncoding = 4; lastKnownFileType = sourcecode.c.h; path = FMDatabaseAdditions.h; sourceTree = "<group>"; };
		E46FAA52264D21D100FB8CF1 /* FMDatabasePool.m */ = {isa = PBXFileReference; fileEncoding = 4; lastKnownFileType = sourcecode.c.objc; path = FMDatabasePool.m; sourceTree = "<group>"; };
		E46FAA53264D21D100FB8CF1 /* FMResultSet.m */ = {isa = PBXFileReference; fileEncoding = 4; lastKnownFileType = sourcecode.c.objc; path = FMResultSet.m; sourceTree = "<group>"; };
		E46FAA54264D21D100FB8CF1 /* SLQPrecompile.h */ = {isa = PBXFileReference; fileEncoding = 4; lastKnownFileType = sourcecode.c.h; path = SLQPrecompile.h; sourceTree = "<group>"; };
		E4E2BC98266DCBD100FE4CFA /* TXLiteAVSDK_Smart.framework */ = {isa = PBXFileReference; lastKnownFileType = wrapper.framework; path = TXLiteAVSDK_Smart.framework; sourceTree = "<group>"; };
		E4E2BC9A266DCC7300FE4CFA /* libz.tbd */ = {isa = PBXFileReference; lastKnownFileType = "sourcecode.text-based-dylib-definition"; name = libz.tbd; path = usr/lib/libz.tbd; sourceTree = SDKROOT; };
		E4E2BC9C266DCC7C00FE4CFA /* libc++.tbd */ = {isa = PBXFileReference; lastKnownFileType = "sourcecode.text-based-dylib-definition"; name = "libc++.tbd"; path = "usr/lib/libc++.tbd"; sourceTree = SDKROOT; };
		E4E2BC9E266DCC8500FE4CFA /* libresolv.tbd */ = {isa = PBXFileReference; lastKnownFileType = "sourcecode.text-based-dylib-definition"; name = libresolv.tbd; path = usr/lib/libresolv.tbd; sourceTree = SDKROOT; };
		E4E2BCA0266DCC8D00FE4CFA /* libsqlite3.tbd */ = {isa = PBXFileReference; lastKnownFileType = "sourcecode.text-based-dylib-definition"; name = libsqlite3.tbd; path = usr/lib/libsqlite3.tbd; sourceTree = SDKROOT; };
		E4E2BCA2266DCC9600FE4CFA /* Accelerate.framework */ = {isa = PBXFileReference; lastKnownFileType = wrapper.framework; name = Accelerate.framework; path = System/Library/Frameworks/Accelerate.framework; sourceTree = SDKROOT; };
		E4E2BCA4266DCC9C00FE4CFA /* OpenAL.framework */ = {isa = PBXFileReference; lastKnownFileType = wrapper.framework; name = OpenAL.framework; path = System/Library/Frameworks/OpenAL.framework; sourceTree = SDKROOT; };
		E4E2BCAC266DF38100FE4CFA /* SLQVideoPushViewController.h */ = {isa = PBXFileReference; lastKnownFileType = sourcecode.c.h; path = SLQVideoPushViewController.h; sourceTree = "<group>"; };
		E4E2BCAD266DF38100FE4CFA /* SLQVideoPushViewController.m */ = {isa = PBXFileReference; lastKnownFileType = sourcecode.c.objc; path = SLQVideoPushViewController.m; sourceTree = "<group>"; };
		E4E2BCB2266E100A00FE4CFA /* SLQVideoPlayViewController.h */ = {isa = PBXFileReference; lastKnownFileType = sourcecode.c.h; path = SLQVideoPlayViewController.h; sourceTree = "<group>"; };
		E4E2BCB3266E100A00FE4CFA /* SLQVideoPlayViewController.m */ = {isa = PBXFileReference; lastKnownFileType = sourcecode.c.objc; path = SLQVideoPlayViewController.m; sourceTree = "<group>"; };
		E4F321072657614E007BA60A /* SLQVideoLive.entitlements */ = {isa = PBXFileReference; lastKnownFileType = text.plist.entitlements; path = SLQVideoLive.entitlements; sourceTree = "<group>"; };
		E4F321082657616D007BA60A /* CloudKit.framework */ = {isa = PBXFileReference; lastKnownFileType = wrapper.framework; name = CloudKit.framework; path = System/Library/Frameworks/CloudKit.framework; sourceTree = SDKROOT; };
		E4F3210A26579413007BA60A /* SLQAskTypeModel.h */ = {isa = PBXFileReference; lastKnownFileType = sourcecode.c.h; path = SLQAskTypeModel.h; sourceTree = "<group>"; };
		E4F3210B26579413007BA60A /* SLQAskTypeModel.m */ = {isa = PBXFileReference; lastKnownFileType = sourcecode.c.objc; path = SLQAskTypeModel.m; sourceTree = "<group>"; };
		E4F3210D26579425007BA60A /* SLQAskTypeModel.sql */ = {isa = PBXFileReference; fileEncoding = 4; lastKnownFileType = text; path = SLQAskTypeModel.sql; sourceTree = "<group>"; };
/* End PBXFileReference section */

/* Begin PBXFrameworksBuildPhase section */
		903B517D258992EF00615C75 /* Frameworks */ = {
			isa = PBXFrameworksBuildPhase;
			buildActionMask = 2147483647;
			files = (
				E4E2BCA5266DCC9C00FE4CFA /* OpenAL.framework in Frameworks */,
				E4E2BCA3266DCC9600FE4CFA /* Accelerate.framework in Frameworks */,
				E4E2BCA1266DCC8D00FE4CFA /* libsqlite3.tbd in Frameworks */,
				E4E2BC9F266DCC8500FE4CFA /* libresolv.tbd in Frameworks */,
				E4E2BC9D266DCC7C00FE4CFA /* libc++.tbd in Frameworks */,
				E4E2BC9B266DCC7300FE4CFA /* libz.tbd in Frameworks */,
				E4009538260D73340082AE19 /* CoreFoundation.framework in Frameworks */,
				E4E2BC99266DCBD100FE4CFA /* TXLiteAVSDK_Smart.framework in Frameworks */,
				E4F321092657616D007BA60A /* CloudKit.framework in Frameworks */,
			);
			runOnlyForDeploymentPostprocessing = 0;
		};
/* End PBXFrameworksBuildPhase section */

/* Begin PBXGroup section */
		903B5177258992EF00615C75 = {
			isa = PBXGroup;
			children = (
				903B5182258992EF00615C75 /* SLQVideoLive */,
				903B5181258992EF00615C75 /* Products */,
				E4009536260D73340082AE19 /* Frameworks */,
			);
			sourceTree = "<group>";
		};
		903B5181258992EF00615C75 /* Products */ = {
			isa = PBXGroup;
			children = (
				903B5180258992EF00615C75 /* SLQVideoLive.app */,
			);
			name = Products;
			sourceTree = "<group>";
		};
		903B5182258992EF00615C75 /* SLQVideoLive */ = {
			isa = PBXGroup;
			children = (
				E4F321072657614E007BA60A /* SLQVideoLive.entitlements */,
				E46FAA37264D21D100FB8CF1 /* Tool */,
				903B5183258992EF00615C75 /* AppDelegate.h */,
				903B5184258992EF00615C75 /* AppDelegate.m */,
				E4E2BCB2266E100A00FE4CFA /* SLQVideoPlayViewController.h */,
				E4E2BCB3266E100A00FE4CFA /* SLQVideoPlayViewController.m */,
				E4E2BCAC266DF38100FE4CFA /* SLQVideoPushViewController.h */,
				E4E2BCAD266DF38100FE4CFA /* SLQVideoPushViewController.m */,
				903B5186258992EF00615C75 /* MainViewController.h */,
				903B5187258992EF00615C75 /* MainViewController.m */,
				E46FAA54264D21D100FB8CF1 /* SLQPrecompile.h */,
				E40ED65B265CA59D000BBC52 /* PrefixHeader.pch */,
				903B5189258992EF00615C75 /* Main.storyboard */,
				903B518F258992F200615C75 /* Assets.xcassets */,
				903B5191258992F200615C75 /* LaunchScreen.storyboard */,
				903B5194258992F200615C75 /* Info.plist */,
				903B5195258992F200615C75 /* main.m */,
				903B518C258992EF00615C75 /* SLQVideoLive.xcdatamodeld */,
			);
			path = SLQVideoLive;
			sourceTree = "<group>";
		};
		E4009536260D73340082AE19 /* Frameworks */ = {
			isa = PBXGroup;
			children = (
				E4E2BCA4266DCC9C00FE4CFA /* OpenAL.framework */,
				E4E2BCA2266DCC9600FE4CFA /* Accelerate.framework */,
				E4E2BCA0266DCC8D00FE4CFA /* libsqlite3.tbd */,
				E4E2BC9E266DCC8500FE4CFA /* libresolv.tbd */,
				E4E2BC9C266DCC7C00FE4CFA /* libc++.tbd */,
				E4E2BC9A266DCC7300FE4CFA /* libz.tbd */,
				E4F321082657616D007BA60A /* CloudKit.framework */,
				E4009537260D73340082AE19 /* CoreFoundation.framework */,
			);
			name = Frameworks;
			sourceTree = "<group>";
		};
		E46FAA37264D21D100FB8CF1 /* Tool */ = {
			isa = PBXGroup;
			children = (
				E4E2BC98266DCBD100FE4CFA /* TXLiteAVSDK_Smart.framework */,
				E46FAA38264D21D100FB8CF1 /* DataBase */,
				E46FAA3E264D21D100FB8CF1 /* WHC_KeyboradManager(OC) */,
				E46FAA45264D21D100FB8CF1 /* Category */,
				E46FAA48264D21D100FB8CF1 /* FMDB */,
			);
			path = Tool;
			sourceTree = "<group>";
		};
		E46FAA38264D21D100FB8CF1 /* DataBase */ = {
			isa = PBXGroup;
			children = (
				E46FAA3A264D21D100FB8CF1 /* SQLiteManager.h */,
				E46FAA3D264D21D100FB8CF1 /* SQLiteManager.m */,
				E46FAA3B264D21D100FB8CF1 /* SLQAskDataModel.h */,
				E46FAA39264D21D100FB8CF1 /* SLQAskDataModel.m */,
				E46FAA3C264D21D100FB8CF1 /* SLQAskDataModel.sql */,
				E4F3210A26579413007BA60A /* SLQAskTypeModel.h */,
				E4F3210B26579413007BA60A /* SLQAskTypeModel.m */,
				E4F3210D26579425007BA60A /* SLQAskTypeModel.sql */,
			);
			path = DataBase;
			sourceTree = "<group>";
		};
		E46FAA3E264D21D100FB8CF1 /* WHC_KeyboradManager(OC) */ = {
			isa = PBXGroup;
			children = (
				E46FAA3F264D21D100FB8CF1 /* NSObject+WHC_Extension.m */,
				E46FAA40264D21D100FB8CF1 /* WHC_KeyboardManager.h */,
				E46FAA41264D21D100FB8CF1 /* WHC_KeyboardHeaderView.h */,
				E46FAA42264D21D100FB8CF1 /* NSObject+WHC_Extension.h */,
				E46FAA43264D21D100FB8CF1 /* WHC_KeyboardHeaderView.m */,
				E46FAA44264D21D100FB8CF1 /* WHC_KeyboardManager.m */,
			);
			path = "WHC_KeyboradManager(OC)";
			sourceTree = "<group>";
		};
		E46FAA45264D21D100FB8CF1 /* Category */ = {
			isa = PBXGroup;
			children = (
				E46FAA46264D21D100FB8CF1 /* UIView+Extension.h */,
				E46FAA47264D21D100FB8CF1 /* UIView+Extension.m */,
				E42761FB264E221000AC8592 /* NSString+Size.h */,
				E42761FC264E221000AC8592 /* NSString+Size.m */,
				E40ED655265CA51E000BBC52 /* NSArray+CN.h */,
				E40ED656265CA51E000BBC52 /* NSArray+CN.m */,
				E40ED658265CA529000BBC52 /* NSDictionary+CN.h */,
				E40ED659265CA529000BBC52 /* NSDictionary+CN.m */,
			);
			path = Category;
			sourceTree = "<group>";
		};
		E46FAA48264D21D100FB8CF1 /* FMDB */ = {
			isa = PBXGroup;
			children = (
				E46FAA49264D21D100FB8CF1 /* FMDatabase.h */,
				E46FAA4A264D21D100FB8CF1 /* FMDatabaseQueue.m */,
				E46FAA4B264D21D100FB8CF1 /* FMResultSet.h */,
				E46FAA4C264D21D100FB8CF1 /* FMDatabasePool.h */,
				E46FAA4D264D21D100FB8CF1 /* FMDatabaseAdditions.m */,
				E46FAA4E264D21D100FB8CF1 /* FMDatabase.m */,
				E46FAA4F264D21D100FB8CF1 /* FMDatabaseQueue.h */,
				E46FAA50264D21D100FB8CF1 /* FMDB.h */,
				E46FAA51264D21D100FB8CF1 /* FMDatabaseAdditions.h */,
				E46FAA52264D21D100FB8CF1 /* FMDatabasePool.m */,
				E46FAA53264D21D100FB8CF1 /* FMResultSet.m */,
			);
			path = FMDB;
			sourceTree = "<group>";
		};
/* End PBXGroup section */

/* Begin PBXNativeTarget section */
		903B517F258992EF00615C75 /* SLQVideoLive */ = {
			isa = PBXNativeTarget;
			buildConfigurationList = 903B5199258992F200615C75 /* Build configuration list for PBXNativeTarget "SLQVideoLive" */;
			buildPhases = (
				903B517C258992EF00615C75 /* Sources */,
				903B517D258992EF00615C75 /* Frameworks */,
				903B517E258992EF00615C75 /* Resources */,
				E443ECFE266A0C3D00289DA1 /* Embed App Clips */,
			);
			buildRules = (
			);
			dependencies = (
			);
			name = SLQVideoLive;
			productName = OCDemo1;
			productReference = 903B5180258992EF00615C75 /* SLQVideoLive.app */;
			productType = "com.apple.product-type.application";
		};
/* End PBXNativeTarget section */

/* Begin PBXProject section */
		903B5178258992EF00615C75 /* Project object */ = {
			isa = PBXProject;
			attributes = {
				LastUpgradeCheck = 1240;
				ORGANIZATIONNAME = "难说再见了";
				TargetAttributes = {
					903B517F258992EF00615C75 = {
						CreatedOnToolsVersion = 10.3;
						SystemCapabilities = {
							com.apple.BackgroundModes = {
								enabled = 1;
							};
							com.apple.Push = {
								enabled = 1;
							};
							com.apple.iCloud = {
								enabled = 1;
							};
						};
					};
				};
			};
			buildConfigurationList = 903B517B258992EF00615C75 /* Build configuration list for PBXProject "SLQVideoLive" */;
			compatibilityVersion = "Xcode 9.3";
			developmentRegion = en;
			hasScannedForEncodings = 0;
			knownRegions = (
				en,
				Base,
			);
			mainGroup = 903B5177258992EF00615C75;
			productRefGroup = 903B5181258992EF00615C75 /* Products */;
			projectDirPath = "";
			projectRoot = "";
			targets = (
				903B517F258992EF00615C75 /* SLQVideoLive */,
			);
		};
/* End PBXProject section */

/* Begin PBXResourcesBuildPhase section */
		903B517E258992EF00615C75 /* Resources */ = {
			isa = PBXResourcesBuildPhase;
			buildActionMask = 2147483647;
			files = (
				903B5193258992F200615C75 /* LaunchScreen.storyboard in Resources */,
				903B5190258992F200615C75 /* Assets.xcassets in Resources */,
				903B518B258992EF00615C75 /* Main.storyboard in Resources */,
				E4F3210E26579425007BA60A /* SLQAskTypeModel.sql in Resources */,
				E46FAA5A264D21D100FB8CF1 /* SLQAskDataModel.sql in Resources */,
			);
			runOnlyForDeploymentPostprocessing = 0;
		};
/* End PBXResourcesBuildPhase section */

/* Begin PBXSourcesBuildPhase section */
		903B517C258992EF00615C75 /* Sources */ = {
			isa = PBXSourcesBuildPhase;
			buildActionMask = 2147483647;
			files = (
				E4F3210C26579413007BA60A /* SLQAskTypeModel.m in Sources */,
				903B5188258992EF00615C75 /* MainViewController.m in Sources */,
				E4E2BCB4266E100A00FE4CFA /* SLQVideoPlayViewController.m in Sources */,
				E46FAA5C264D21D100FB8CF1 /* NSObject+WHC_Extension.m in Sources */,
				E42761FD264E221000AC8592 /* NSString+Size.m in Sources */,
				E46FAA62264D21D100FB8CF1 /* FMDatabase.m in Sources */,
				E46FAA64264D21D100FB8CF1 /* FMResultSet.m in Sources */,
				E46FAA59264D21D100FB8CF1 /* SLQAskDataModel.m in Sources */,
				E46FAA60264D21D100FB8CF1 /* FMDatabaseQueue.m in Sources */,
				E40ED65A265CA529000BBC52 /* NSDictionary+CN.m in Sources */,
				E46FAA5E264D21D100FB8CF1 /* WHC_KeyboardManager.m in Sources */,
				E46FAA61264D21D100FB8CF1 /* FMDatabaseAdditions.m in Sources */,
				E46FAA5D264D21D100FB8CF1 /* WHC_KeyboardHeaderView.m in Sources */,
				E46FAA5B264D21D100FB8CF1 /* SQLiteManager.m in Sources */,
				903B5185258992EF00615C75 /* AppDelegate.m in Sources */,
				E46FAA63264D21D100FB8CF1 /* FMDatabasePool.m in Sources */,
				E46FAA5F264D21D100FB8CF1 /* UIView+Extension.m in Sources */,
				903B5196258992F200615C75 /* main.m in Sources */,
				E40ED657265CA51E000BBC52 /* NSArray+CN.m in Sources */,
				E4E2BCAE266DF38100FE4CFA /* SLQVideoPushViewController.m in Sources */,
				903B518E258992EF00615C75 /* SLQVideoLive.xcdatamodeld in Sources */,
			);
			runOnlyForDeploymentPostprocessing = 0;
		};
/* End PBXSourcesBuildPhase section */

/* Begin PBXVariantGroup section */
		903B5189258992EF00615C75 /* Main.storyboard */ = {
			isa = PBXVariantGroup;
			children = (
				903B518A258992EF00615C75 /* Base */,
			);
			name = Main.storyboard;
			sourceTree = "<group>";
		};
		903B5191258992F200615C75 /* LaunchScreen.storyboard */ = {
			isa = PBXVariantGroup;
			children = (
				903B5192258992F200615C75 /* Base */,
			);
			name = LaunchScreen.storyboard;
			sourceTree = "<group>";
		};
/* End PBXVariantGroup section */

/* Begin XCBuildConfiguration section */
		903B5197258992F200615C75 /* Debug */ = {
			isa = XCBuildConfiguration;
			buildSettings = {
				ALWAYS_SEARCH_USER_PATHS = NO;
				CLANG_ANALYZER_NONNULL = YES;
				CLANG_ANALYZER_NUMBER_OBJECT_CONVERSION = YES_AGGRESSIVE;
				CLANG_CXX_LANGUAGE_STANDARD = "gnu++14";
				CLANG_CXX_LIBRARY = "libc++";
				CLANG_ENABLE_MODULES = YES;
				CLANG_ENABLE_OBJC_ARC = YES;
				CLANG_ENABLE_OBJC_WEAK = YES;
				CLANG_WARN_BLOCK_CAPTURE_AUTORELEASING = YES;
				CLANG_WARN_BOOL_CONVERSION = YES;
				CLANG_WARN_COMMA = YES;
				CLANG_WARN_CONSTANT_CONVERSION = YES;
				CLANG_WARN_DEPRECATED_OBJC_IMPLEMENTATIONS = YES;
				CLANG_WARN_DIRECT_OBJC_ISA_USAGE = YES_ERROR;
				CLANG_WARN_DOCUMENTATION_COMMENTS = YES;
				CLANG_WARN_EMPTY_BODY = YES;
				CLANG_WARN_ENUM_CONVERSION = YES;
				CLANG_WARN_INFINITE_RECURSION = YES;
				CLANG_WARN_INT_CONVERSION = YES;
				CLANG_WARN_NON_LITERAL_NULL_CONVERSION = YES;
				CLANG_WARN_OBJC_IMPLICIT_RETAIN_SELF = YES;
				CLANG_WARN_OBJC_LITERAL_CONVERSION = YES;
				CLANG_WARN_OBJC_ROOT_CLASS = YES_ERROR;
				CLANG_WARN_QUOTED_INCLUDE_IN_FRAMEWORK_HEADER = YES;
				CLANG_WARN_RANGE_LOOP_ANALYSIS = YES;
				CLANG_WARN_STRICT_PROTOTYPES = YES;
				CLANG_WARN_SUSPICIOUS_MOVE = YES;
				CLANG_WARN_UNGUARDED_AVAILABILITY = YES_AGGRESSIVE;
				CLANG_WARN_UNREACHABLE_CODE = YES;
				CLANG_WARN__DUPLICATE_METHOD_MATCH = YES;
				CODE_SIGN_IDENTITY = "iPhone Developer";
				COPY_PHASE_STRIP = NO;
				DEBUG_INFORMATION_FORMAT = dwarf;
				ENABLE_STRICT_OBJC_MSGSEND = YES;
				ENABLE_TESTABILITY = YES;
				GCC_C_LANGUAGE_STANDARD = gnu11;
				GCC_DYNAMIC_NO_PIC = NO;
				GCC_NO_COMMON_BLOCKS = YES;
				GCC_OPTIMIZATION_LEVEL = 0;
				GCC_PREPROCESSOR_DEFINITIONS = (
					"DEBUG=1",
					"$(inherited)",
				);
				GCC_WARN_64_TO_32_BIT_CONVERSION = YES;
				GCC_WARN_ABOUT_RETURN_TYPE = YES_ERROR;
				GCC_WARN_UNDECLARED_SELECTOR = YES;
				GCC_WARN_UNINITIALIZED_AUTOS = YES_AGGRESSIVE;
				GCC_WARN_UNUSED_FUNCTION = YES;
				GCC_WARN_UNUSED_VARIABLE = YES;
				IPHONEOS_DEPLOYMENT_TARGET = 10.0;
				MTL_ENABLE_DEBUG_INFO = INCLUDE_SOURCE;
				MTL_FAST_MATH = YES;
				ONLY_ACTIVE_ARCH = YES;
				SDKROOT = iphoneos;
			};
			name = Debug;
		};
		903B5198258992F200615C75 /* Release */ = {
			isa = XCBuildConfiguration;
			buildSettings = {
				ALWAYS_SEARCH_USER_PATHS = NO;
				CLANG_ANALYZER_NONNULL = YES;
				CLANG_ANALYZER_NUMBER_OBJECT_CONVERSION = YES_AGGRESSIVE;
				CLANG_CXX_LANGUAGE_STANDARD = "gnu++14";
				CLANG_CXX_LIBRARY = "libc++";
				CLANG_ENABLE_MODULES = YES;
				CLANG_ENABLE_OBJC_ARC = YES;
				CLANG_ENABLE_OBJC_WEAK = YES;
				CLANG_WARN_BLOCK_CAPTURE_AUTORELEASING = YES;
				CLANG_WARN_BOOL_CONVERSION = YES;
				CLANG_WARN_COMMA = YES;
				CLANG_WARN_CONSTANT_CONVERSION = YES;
				CLANG_WARN_DEPRECATED_OBJC_IMPLEMENTATIONS = YES;
				CLANG_WARN_DIRECT_OBJC_ISA_USAGE = YES_ERROR;
				CLANG_WARN_DOCUMENTATION_COMMENTS = YES;
				CLANG_WARN_EMPTY_BODY = YES;
				CLANG_WARN_ENUM_CONVERSION = YES;
				CLANG_WARN_INFINITE_RECURSION = YES;
				CLANG_WARN_INT_CONVERSION = YES;
				CLANG_WARN_NON_LITERAL_NULL_CONVERSION = YES;
				CLANG_WARN_OBJC_IMPLICIT_RETAIN_SELF = YES;
				CLANG_WARN_OBJC_LITERAL_CONVERSION = YES;
				CLANG_WARN_OBJC_ROOT_CLASS = YES_ERROR;
				CLANG_WARN_QUOTED_INCLUDE_IN_FRAMEWORK_HEADER = YES;
				CLANG_WARN_RANGE_LOOP_ANALYSIS = YES;
				CLANG_WARN_STRICT_PROTOTYPES = YES;
				CLANG_WARN_SUSPICIOUS_MOVE = YES;
				CLANG_WARN_UNGUARDED_AVAILABILITY = YES_AGGRESSIVE;
				CLANG_WARN_UNREACHABLE_CODE = YES;
				CLANG_WARN__DUPLICATE_METHOD_MATCH = YES;
				CODE_SIGN_IDENTITY = "iPhone Developer";
				COPY_PHASE_STRIP = NO;
				DEBUG_INFORMATION_FORMAT = "dwarf-with-dsym";
				ENABLE_NS_ASSERTIONS = NO;
				ENABLE_STRICT_OBJC_MSGSEND = YES;
				GCC_C_LANGUAGE_STANDARD = gnu11;
				GCC_NO_COMMON_BLOCKS = YES;
				GCC_WARN_64_TO_32_BIT_CONVERSION = YES;
				GCC_WARN_ABOUT_RETURN_TYPE = YES_ERROR;
				GCC_WARN_UNDECLARED_SELECTOR = YES;
				GCC_WARN_UNINITIALIZED_AUTOS = YES_AGGRESSIVE;
				GCC_WARN_UNUSED_FUNCTION = YES;
				GCC_WARN_UNUSED_VARIABLE = YES;
				IPHONEOS_DEPLOYMENT_TARGET = 10.0;
				MTL_ENABLE_DEBUG_INFO = NO;
				MTL_FAST_MATH = YES;
				SDKROOT = iphoneos;
				VALIDATE_PRODUCT = YES;
			};
			name = Release;
		};
		903B519A258992F200615C75 /* Debug */ = {
			isa = XCBuildConfiguration;
			buildSettings = {
				ASSETCATALOG_COMPILER_APPICON_NAME = AppIcon;
				CODE_SIGN_ENTITLEMENTS = SLQVideoLive/SLQVideoLive.entitlements;
				CODE_SIGN_STYLE = Automatic;
				DEVELOPMENT_TEAM = L76K5AFQYD;
				FRAMEWORK_SEARCH_PATHS = (
					"$(inherited)",
					"$(PROJECT_DIR)/SLQVideoLive/Tool",
				);
				INFOPLIST_FILE = "$(SRCROOT)/SLQVideoLive/Info.plist";
				IPHONEOS_DEPLOYMENT_TARGET = 10.0;
				LD_RUNPATH_SEARCH_PATHS = (
					"$(inherited)",
					"@executable_path/Frameworks",
				);
				PRODUCT_BUNDLE_IDENTIFIER = com.ask.answer.live;
				PRODUCT_NAME = "$(TARGET_NAME)";
				TARGETED_DEVICE_FAMILY = "1,2";
			};
			name = Debug;
		};
		903B519B258992F200615C75 /* Release */ = {
			isa = XCBuildConfiguration;
			buildSettings = {
				ASSETCATALOG_COMPILER_APPICON_NAME = AppIcon;
				CODE_SIGN_ENTITLEMENTS = SLQVideoLive/SLQVideoLive.entitlements;
				CODE_SIGN_STYLE = Automatic;
				DEVELOPMENT_TEAM = L76K5AFQYD;
				FRAMEWORK_SEARCH_PATHS = (
					"$(inherited)",
					"$(PROJECT_DIR)/SLQVideoLive/Tool",
				);
				INFOPLIST_FILE = "$(SRCROOT)/SLQVideoLive/Info.plist";
				IPHONEOS_DEPLOYMENT_TARGET = 10.0;
				LD_RUNPATH_SEARCH_PATHS = (
					"$(inherited)",
					"@executable_path/Frameworks",
				);
				PRODUCT_BUNDLE_IDENTIFIER = com.ask.answer.live;
				PRODUCT_NAME = "$(TARGET_NAME)";
				TARGETED_DEVICE_FAMILY = "1,2";
			};
			name = Release;
		};
/* End XCBuildConfiguration section */

/* Begin XCConfigurationList section */
		903B517B258992EF00615C75 /* Build configuration list for PBXProject "SLQVideoLive" */ = {
			isa = XCConfigurationList;
			buildConfigurations = (
				903B5197258992F200615C75 /* Debug */,
				903B5198258992F200615C75 /* Release */,
			);
			defaultConfigurationIsVisible = 0;
			defaultConfigurationName = Release;
		};
		903B5199258992F200615C75 /* Build configuration list for PBXNativeTarget "SLQVideoLive" */ = {
			isa = XCConfigurationList;
			buildConfigurations = (
				903B519A258992F200615C75 /* Debug */,
				903B519B258992F200615C75 /* Release */,
			);
			defaultConfigurationIsVisible = 0;
			defaultConfigurationName = Release;
		};
/* End XCConfigurationList section */

/* Begin XCVersionGroup section */
		903B518C258992EF00615C75 /* SLQVideoLive.xcdatamodeld */ = {
			isa = XCVersionGroup;
			children = (
				903B518D258992EF00615C75 /* OCDemo1.xcdatamodel */,
			);
			currentVersion = 903B518D258992EF00615C75 /* OCDemo1.xcdatamodel */;
			path = SLQVideoLive.xcdatamodeld;
			sourceTree = "<group>";
			versionGroupType = wrapper.xcdatamodel;
		};
/* End XCVersionGroup section */
	};
	rootObject = 903B5178258992EF00615C75 /* Project object */;
}
